PODS:
  - Flutter (1.0.0)
  - OICommons (2.1.2)
  - OIComponents (1.8.0)
  - OILiveness3D (3.15.0):
    - OICommons (~> 2.1.2)
    - OIComponents (~> 1.8.0)
    - OILiveness3D_FT (= 9.7.121)
    - OINetwork (~> 2.1.2)
    - OISecurity (~> 4.2)
  - OILiveness3D-Debug (3.15.0):
    - OICommons (~> 2.1.2)
    - OIComponents (~> 1.8.0)
    - OILiveness3D_FT-Debug (= 9.7.121)
    - OINetwork (~> 2.1.2)
    - OISecurity (~> 4.2)
  - OILiveness3D_FT (9.7.121)
  - OILiveness3D_FT-Debug (9.7.121)
  - OINetwork (2.1.2):
    - OICommons (~> 2.1.0)
  - OISecurity (4.2.0):
    - OICommons (~> 2.1.1)
    - OINetwork (~> 2.1.2)
  - oiti_liveness3d (4.10.0):
    - Flutter
    - OILiveness3D (= 3.15.0)

DEPENDENCIES:
  - Flutter (from `Flutter`)
  - OILiveness3D-Debug (= 3.15.0)
  - oiti_liveness3d (from `.symlinks/plugins/oiti_liveness3d/ios`)

SPEC REPOS:
  https://github.com/oititec/ios-artifactory.git:
    - OICommons
    - OIComponents
    - OILiveness3D
    - OILiveness3D-Debug
    - OILiveness3D_FT
    - OILiveness3D_FT-Debug
    - OINetwork
    - OISecurity

EXTERNAL SOURCES:
  Flutter:
    :path: Flutter
  oiti_liveness3d:
    :path: ".symlinks/plugins/oiti_liveness3d/ios"

SPEC CHECKSUMS:
  Flutter: cabc95a1d2626b1b06e7179b784ebcf0c0cde467
  OICommons: cd3bf615b5c80c6d33a0bf993c75ecf6d5e38ae8
  OIComponents: 06145be8e23f9d3e89a4ee9293139849e21b22da
  OILiveness3D: 82cd7ee22c4ea5319f00a68a931f8bcd4b4210ff
  OILiveness3D-Debug: b595ec498d246daddd476eca4b350c2837469a5d
  OILiveness3D_FT: 6ceb05be7e1574d8918d6f633e5e3e14ab889c89
  OILiveness3D_FT-Debug: 3245c26826953abb0afe4cb19c36c90ea4d2a8cc
  OINetwork: 026528034592540763350410d1ce7c0ddb1349f5
  OISecurity: c8074823189df9c4bc4196e1be362064f9e75c80
  oiti_liveness3d: 7eb80e8c1b0b9c7973fce4800edb6fe1189da2cf

PODFILE CHECKSUM: 78dd3d23e144b8f55b0bd4860179ddfb99e47f47

COCOAPODS: 1.16.2
