PODS:
  - Flutter (1.0.0)
  - OICommons (2.0.1)
  - OIComponents (1.8.0)
  - OILiveness3D (2.6.0):
    - OICommons (~> 2.0.1)
    - OIComponents (~> 1.8)
    - OILiveness3D_FT (= 9.7.48)
    - OINetwork (~> 2.1.1)
    - OISecurity (~> 4.0.1)
  - OILiveness3D_FT (9.7.48)
  - OINetwork (2.1.1):
    - OICommons (~> 2.0.1)
  - OISecurity (4.0.1):
    - OINetwork (~> 2.1.1)
    - Sentry (~> 8.36)
  - oiti_liveness3d (3.6.0):
    - Flutter
    - OILiveness3D (= 2.6.0)
  - Sentry (8.44.0):
    - Sentry/Core (= 8.44.0)
  - Sentry/Core (8.44.0)

DEPENDENCIES:
  - Flutter (from `Flutter`)
  - oiti_liveness3d (from `.symlinks/plugins/oiti_liveness3d/ios`)

SPEC REPOS:
  https://github.com/CocoaPods/Specs.git:
    - Sentry
  https://github.com/oititec/ios-artifactory.git:
    - OICommons
    - OIComponents
    - OILiveness3D
    - OILiveness3D_FT
    - OINetwork
    - OISecurity

EXTERNAL SOURCES:
  Flutter:
    :path: Flutter
  oiti_liveness3d:
    :path: ".symlinks/plugins/oiti_liveness3d/ios"

SPEC CHECKSUMS:
  Flutter: e0871f40cf51350855a761d2e70bf5af5b9b5de7
  OICommons: efb4251c578f2517dc222b56cb101f83d5e7ece2
  OIComponents: 06145be8e23f9d3e89a4ee9293139849e21b22da
  OILiveness3D: 1446beb68038c11260631ca549bcd36886885636
  OILiveness3D_FT: d5e272b4388af36a8ae0500781d8f7d2b93faba6
  OINetwork: f551750f82cb46fb8e3f3668a84d1a46fa1872d6
  OISecurity: 68bb3f29bd02fe5c20a0967950b8afa4c8589029
  oiti_liveness3d: efab5b2a6073c890a38aa67a140c80a4c3c53dcf
  Sentry: 0f9bc9adfc0b960e7f3bb5ec67e9a3d8193f3bdb

PODFILE CHECKSUM: 9b205f5e868c6e4948cd7dfcba7ef885a9df6829

COCOAPODS: 1.15.2
