PODS:
  - Flutter (1.0.0)
  - OICommons (1.1.2)
  - OIComponents (1.4.0):
    - OICommons (~> 1.1)
  - OILiveness3D (2.0.2):
    - OICommons (~> 1.1)
    - OIComponents (~> 1.4)
    - OILiveness3D_FT (= 9.6.80)
    - OINetwork (~> 1.3)
    - OISecurity (~> 2.0)
  - OILiveness3D_FT (9.6.80)
  - OINetwork (1.3.1):
    - OICommons (~> 1.1)
  - OISecurity (2.0.0):
    - OINetwork (~> 1.3)
  - oiti_liveness3d (0.0.1):
    - Flutter
    - OILiveness3D (= 2.0.2)

DEPENDENCIES:
  - Flutter (from `Flutter`)
  - oiti_liveness3d (from `.symlinks/plugins/oiti_liveness3d/ios`)

SPEC REPOS:
  https://github.com/oititec/ios-artifactory-beta.git:
    - OICommons
    - OIComponents
    - OILiveness3D
    - OILiveness3D_FT
    - OINetwork
    - OISecurity

EXTERNAL SOURCES:
  Flutter:
    :path: Flutter
  oiti_liveness3d:
    :path: ".symlinks/plugins/oiti_liveness3d/ios"

SPEC CHECKSUMS:
  Flutter: f04841e97a9d0b0a8025694d0796dd46242b2854
  OICommons: e156b4108fc178409a77850d60009e14fce6f641
  OIComponents: 3b00f633bed82eedd44507bddb4c31be3cfa554e
  OILiveness3D: d9a25dfcf264cd8c0d108fb2c81ed6458d20aa04
  OILiveness3D_FT: fbf3417c20b3123522906249c98b9c896f8b484e
  OINetwork: 537e94f93da0e8f57c04eeae950edd9263bac885
  OISecurity: 8667a2ceacbe10bc0a452f1d279350328adba44f
  oiti_liveness3d: 6d268bd76ed9c99e0ba3060cba7facdab812ef95

PODFILE CHECKSUM: f9240d63bf8a051c424c49902fac8c5d0c4f0af8

COCOAPODS: 1.13.0
